
Microsoft Visual Studio Solution File, Format Version 12.00
# Visual Studio Version 17
VisualStudioVersion = 17.5.002.0
MinimumVisualStudioVersion = 10.0.40219.1
Project("{9A19103F-16F7-4668-BE54-9A1E7A4F7556}") = "MinimalAPI", "MinimalAPI\MinimalAPI.csproj", "{4E3E6BA1-3E9B-49AE-9966-DB39976BD312}"
EndProject
Project("{9A19103F-16F7-4668-BE54-9A1E7A4F7556}") = "ControllerAPI", "ControllerAPI\ControllerAPI.csproj", "{5359E342-B8A1-40F8-8ABB-276D50217EC3}"
EndProject
Global
	GlobalSection(SolutionConfigurationPlatforms) = preSolution
		Debug|Any CPU = Debug|Any CPU
		Release|Any CPU = Release|Any CPU
	EndGlobalSection
	GlobalSection(ProjectConfigurationPlatforms) = postSolution
		{4E3E6BA1-3E9B-49AE-9966-DB39976BD312}.Debug|Any CPU.ActiveCfg = Debug|Any CPU
		{4E3E6BA1-3E9B-49AE-9966-DB39976BD312}.Debug|Any CPU.Build.0 = Debug|Any CPU
		{4E3E6BA1-3E9B-49AE-9966-DB39976BD312}.Release|Any CPU.ActiveCfg = Release|Any CPU
		{4E3E6BA1-3E9B-49AE-9966-DB39976BD312}.Release|Any CPU.Build.0 = Release|Any CPU
		{5359E342-B8A1-40F8-8ABB-276D50217EC3}.Debug|Any CPU.ActiveCfg = Debug|Any CPU
		{5359E342-B8A1-40F8-8ABB-276D50217EC3}.Debug|Any CPU.Build.0 = Debug|Any CPU
		{5359E342-B8A1-40F8-8ABB-276D50217EC3}.Release|Any CPU.ActiveCfg = Release|Any CPU
		{5359E342-B8A1-40F8-8ABB-276D50217EC3}.Release|Any CPU.Build.0 = Release|Any CPU
	EndGlobalSection
	GlobalSection(SolutionProperties) = preSolution
		HideSolutionNode = FALSE
	EndGlobalSection
	GlobalSection(ExtensibilityGlobals) = postSolution
		SolutionGuid = {19ED2DE5-F431-40C0-AB62-B35CCA70A12C}
	EndGlobalSection
EndGlobal
